<?xml version="1.0" encoding="UTF-8" standalone="yes" ?>
<CodeBlocks_project_file>
	<FileVersion major="1" minor="6" />
	<Project>
		<Option title="projetoDefense" />
		<Option pch_mode="2" />
		<Option compiler="gcc" />
		<Build>
			<Target title="Debug">
				<Option output="bin/Debug/projetoDefense" prefix_auto="1" extension_auto="1" />
				<Option object_output="obj/Debug/" />
				<Option type="1" />
				<Option compiler="gcc" />
				<Compiler>
					<Add option="-g" />
				</Compiler>
			</Target>
			<Target title="Release">
				<Option output="bin/Release/projetoDefense" prefix_auto="1" extension_auto="1" />
				<Option object_output="obj/Release/" />
				<Option type="1" />
				<Option compiler="gcc" />
				<Compiler>
					<Add option="-O2" />
				</Compiler>
				<Linker>
					<Add option="-s" />
				</Linker>
			</Target>
		</Build>
		<Compiler>
			<Add option="-Wall" />
			<Add option="-fexceptions" />
		</Compiler>
		<Unit filename="include/Ally.h" />
		<Unit filename="include/BarraCooldown.h" />
		<Unit filename="include/BarraVida.h" />
		<Unit filename="include/BarraVidaMenu.h" />
		<Unit filename="include/BlockTileSet.h" />
		<Unit filename="include/Bullet.h" />
		<Unit filename="include/Camera.h" />
		<Unit filename="include/Character.h" />
		<Unit filename="include/CharacterData.h" />
		<Unit filename="include/CharacterState.h" />
		<Unit filename="include/Chefe.h" />
		<Unit filename="include/Collision.h" />
		<Unit filename="include/EndState.h" />
		<Unit filename="include/Enemy.h" />
		<Unit filename="include/Game.h" />
		<Unit filename="include/GameObject.h" />
		<Unit filename="include/InfoMenu.h" />
		<Unit filename="include/InputManager.h" />
		<Unit filename="include/Lider.h" />
		<Unit filename="include/Menu.h" />
		<Unit filename="include/MoveManager.h" />
		<Unit filename="include/MultiTileSet.h" />
		<Unit filename="include/Music.h" />
		<Unit filename="include/OptionsState.h" />
		<Unit filename="include/Piloto.h" />
		<Unit filename="include/Point.h" />
		<Unit filename="include/Rect.h" />
		<Unit filename="include/Robo.h" />
		<Unit filename="include/Sound.h" />
		<Unit filename="include/Sprite.h" />
		<Unit filename="include/StageState.h" />
		<Unit filename="include/State.h" />
		<Unit filename="include/StateData.h" />
		<Unit filename="include/StillAnimation.h" />
		<Unit filename="include/Text.h" />
		<Unit filename="include/TileInfo.h" />
		<Unit filename="include/TileMap.h" />
		<Unit filename="include/TileSet.h" />
		<Unit filename="include/Timer.h" />
		<Unit filename="include/TitleState.h" />
		<Unit filename="include/resources_path.h" />
		<Unit filename="src/Ally.cpp" />
		<Unit filename="src/BarraCooldown.cpp" />
		<Unit filename="src/BarraVida.cpp" />
		<Unit filename="src/BarraVidaMenu.cpp" />
		<Unit filename="src/BlockTileSet.cpp" />
		<Unit filename="src/Bullet.cpp" />
		<Unit filename="src/Camera.cpp" />
		<Unit filename="src/Character.cpp" />
		<Unit filename="src/CharacterData.cpp" />
		<Unit filename="src/CharacterState.cpp" />
		<Unit filename="src/Chefe.cpp" />
		<Unit filename="src/Collision.cpp" />
		<Unit filename="src/EndState.cpp" />
		<Unit filename="src/Enemy.cpp" />
		<Unit filename="src/Game.cpp" />
		<Unit filename="src/GameObject.cpp" />
		<Unit filename="src/InfoMenu.cpp" />
		<Unit filename="src/InputManager.cpp" />
		<Unit filename="src/Menu.cpp" />
		<Unit filename="src/MoveManager.cpp" />
		<Unit filename="src/MultiTileSet.cpp" />
		<Unit filename="src/Music.cpp" />
		<Unit filename="src/OptionsState.cpp" />
		<Unit filename="src/Piloto.cpp" />
		<Unit filename="src/Point.cpp" />
		<Unit filename="src/Rect.cpp" />
		<Unit filename="src/Robo.cpp" />
		<Unit filename="src/Sound.cpp" />
		<Unit filename="src/Sprite.cpp" />
		<Unit filename="src/StageState.cpp" />
		<Unit filename="src/State.cpp" />
		<Unit filename="src/State.cpp.save-failed" />
		<Unit filename="src/StateData.cpp" />
		<Unit filename="src/StillAnimation.cpp" />
		<Unit filename="src/Text.cpp" />
		<Unit filename="src/TileInfo.cpp" />
		<Unit filename="src/TileMap.cpp" />
		<Unit filename="src/TileSet.cpp" />
		<Unit filename="src/Timer.cpp" />
		<Unit filename="src/TitleState.cpp" />
		<Unit filename="src/main.cpp" />
		<Extensions>
			<code_completion />
			<envvars />
			<debugger />
			<lib_finder disable_auto="1" />
		</Extensions>
	</Project>
</CodeBlocks_project_file>
